
Microsoft Visual Studio Solution File, Format Version 12.00
# Visual Studio Version 17
VisualStudioVersion = 17.9.34714.143
MinimumVisualStudioVersion = 10.0.40219.1
Project("{FAE04EC0-301F-11D3-BF4B-00C04F79EFBC}") = "Lab10", "Lab10\Lab10.csproj", "{14196CA4-4FB2-453C-BC24-9DF4B776F439}"
EndProject
Global
	GlobalSection(SolutionConfigurationPlatforms) = preSolution
		Debug|Any CPU = Debug|Any CPU
		Release|Any CPU = Release|Any CPU
	EndGlobalSection
	GlobalSection(ProjectConfigurationPlatforms) = postSolution
		{14196CA4-4FB2-453C-BC24-9DF4B776F439}.Debug|Any CPU.ActiveCfg = Debug|Any CPU
		{14196CA4-4FB2-453C-BC24-9DF4B776F439}.Debug|Any CPU.Build.0 = Debug|Any CPU
		{14196CA4-4FB2-453C-BC24-9DF4B776F439}.Release|Any CPU.ActiveCfg = Release|Any CPU
		{14196CA4-4FB2-453C-BC24-9DF4B776F439}.Release|Any CPU.Build.0 = Release|Any CPU
	EndGlobalSection
	GlobalSection(SolutionProperties) = preSolution
		HideSolutionNode = FALSE
	EndGlobalSection
	GlobalSection(ExtensibilityGlobals) = postSolution
		SolutionGuid = {BB5E21A1-5192-43DE-B5E4-3FC70619C082}
	EndGlobalSection
EndGlobal
