
Microsoft Visual Studio Solution File, Format Version 12.00
# Visual Studio Version 17
VisualStudioVersion = 17.9.34714.143
MinimumVisualStudioVersion = 10.0.40219.1
Project("{FAE04EC0-301F-11D3-BF4B-00C04F79EFBC}") = "SerializePractice", "SerializePractice\SerializePractice.csproj", "{DDA17F2A-1DC6-4CE4-858A-BDA74E95A440}"
EndProject
Global
	GlobalSection(SolutionConfigurationPlatforms) = preSolution
		Debug|Any CPU = Debug|Any CPU
		Release|Any CPU = Release|Any CPU
	EndGlobalSection
	GlobalSection(ProjectConfigurationPlatforms) = postSolution
		{DDA17F2A-1DC6-4CE4-858A-BDA74E95A440}.Debug|Any CPU.ActiveCfg = Debug|Any CPU
		{DDA17F2A-1DC6-4CE4-858A-BDA74E95A440}.Debug|Any CPU.Build.0 = Debug|Any CPU
		{DDA17F2A-1DC6-4CE4-858A-BDA74E95A440}.Release|Any CPU.ActiveCfg = Release|Any CPU
		{DDA17F2A-1DC6-4CE4-858A-BDA74E95A440}.Release|Any CPU.Build.0 = Release|Any CPU
	EndGlobalSection
	GlobalSection(SolutionProperties) = preSolution
		HideSolutionNode = FALSE
	EndGlobalSection
	GlobalSection(ExtensibilityGlobals) = postSolution
		SolutionGuid = {76017459-FE7E-4A8D-B917-74613DB54474}
	EndGlobalSection
EndGlobal
